
Microsoft Visual Studio Solution File, Format Version 12.00
# Visual Studio Version 17
VisualStudioVersion = 17.8.34511.84
MinimumVisualStudioVersion = 10.0.40219.1
Project("{FAE04EC0-301F-11D3-BF4B-00C04F79EFBC}") = "akaryakıt projesi", "akaryakıt projesi\akaryakıt projesi.csproj", "{BBC8C363-81C6-4462-8407-906FA1C4F0C5}"
EndProject
Global
	GlobalSection(SolutionConfigurationPlatforms) = preSolution
		Debug|Any CPU = Debug|Any CPU
		Release|Any CPU = Release|Any CPU
	EndGlobalSection
	GlobalSection(ProjectConfigurationPlatforms) = postSolution
		{BBC8C363-81C6-4462-8407-906FA1C4F0C5}.Debug|Any CPU.ActiveCfg = Debug|Any CPU
		{BBC8C363-81C6-4462-8407-906FA1C4F0C5}.Debug|Any CPU.Build.0 = Debug|Any CPU
		{BBC8C363-81C6-4462-8407-906FA1C4F0C5}.Release|Any CPU.ActiveCfg = Release|Any CPU
		{BBC8C363-81C6-4462-8407-906FA1C4F0C5}.Release|Any CPU.Build.0 = Release|Any CPU
	EndGlobalSection
	GlobalSection(SolutionProperties) = preSolution
		HideSolutionNode = FALSE
	EndGlobalSection
	GlobalSection(ExtensibilityGlobals) = postSolution
		SolutionGuid = {6A1E59CE-CDBB-41E5-8E2E-FFB8DD2227A3}
	EndGlobalSection
EndGlobal
